
Microsoft Visual Studio Solution File, Format Version 12.00
# Visual Studio Version 17
VisualStudioVersion = 17.2.32516.85
MinimumVisualStudioVersion = 10.0.40219.1
Project("{2150E333-8FDC-42A3-9474-1A3956D46DE8}") = "Src", "Src", "{B0A674F4-75CD-4784-AB23-0532F95F6598}"
EndProject
Project("{2150E333-8FDC-42A3-9474-1A3956D46DE8}") = "Presentation", "Presentation", "{AFC2FF91-A747-4BBE-8BB2-5BC4F0AA96FB}"
EndProject
Project("{FAE04EC0-301F-11D3-BF4B-00C04F79EFBC}") = "WebAPI", "WebAPI\WebAPI.csproj", "{42BD4C4B-0252-4F65-ADFF-9E9D48E5B397}"
EndProject
Global
	GlobalSection(SolutionConfigurationPlatforms) = preSolution
		Debug|Any CPU = Debug|Any CPU
		Release|Any CPU = Release|Any CPU
	EndGlobalSection
	GlobalSection(ProjectConfigurationPlatforms) = postSolution
		{42BD4C4B-0252-4F65-ADFF-9E9D48E5B397}.Debug|Any CPU.ActiveCfg = Debug|Any CPU
		{42BD4C4B-0252-4F65-ADFF-9E9D48E5B397}.Debug|Any CPU.Build.0 = Debug|Any CPU
		{42BD4C4B-0252-4F65-ADFF-9E9D48E5B397}.Release|Any CPU.ActiveCfg = Release|Any CPU
		{42BD4C4B-0252-4F65-ADFF-9E9D48E5B397}.Release|Any CPU.Build.0 = Release|Any CPU
	EndGlobalSection
	GlobalSection(SolutionProperties) = preSolution
		HideSolutionNode = FALSE
	EndGlobalSection
	GlobalSection(NestedProjects) = preSolution
		{AFC2FF91-A747-4BBE-8BB2-5BC4F0AA96FB} = {B0A674F4-75CD-4784-AB23-0532F95F6598}
		{42BD4C4B-0252-4F65-ADFF-9E9D48E5B397} = {AFC2FF91-A747-4BBE-8BB2-5BC4F0AA96FB}
	EndGlobalSection
	GlobalSection(ExtensibilityGlobals) = postSolution
		SolutionGuid = {C3222B8D-D720-43DC-8D72-B3B952B1A554}
	EndGlobalSection
EndGlobal
